// !$*UTF8*$!
{
	archiveVersion = 1;
	classes = {
	};
	objectVersion = 77;
	objects = {

/* Begin PBXBuildFile section */
		84EE1B732F66CEC800D2BDE9 /* WidgetKit.framework in Frameworks */ = {isa = PBXBuildFile; fileRef = 84EE1B722F66CEC800D2BDE9 /* WidgetKit.framework */; };
		84EE1B752F66CEC800D2BDE9 /* SwiftUI.framework in Frameworks */ = {isa = PBXBuildFile; fileRef = 84EE1B742F66CEC800D2BDE9 /* SwiftUI.framework */; };
		84EE1B842F66CEC900D2BDE9 /* DailyThemeWidgetExtension.appex in Embed Foundation Extensions */ = {isa = PBXBuildFile; fileRef = 84EE1B702F66CEC800D2BDE9 /* DailyThemeWidgetExtension.appex */; settings = {ATTRIBUTES = (RemoveHeadersOnCopy, ); }; };
		84EE1B9A2F6852DC00D2BDE9 /* FirebaseAuth in Frameworks */ = {isa = PBXBuildFile; productRef = 84EE1B992F6852DC00D2BDE9 /* FirebaseAuth */; };
		84EE1B9C2F6852DC00D2BDE9 /* FirebaseFirestore in Frameworks */ = {isa = PBXBuildFile; productRef = 84EE1B9B2F6852DC00D2BDE9 /* FirebaseFirestore */; };
		84EE1B9F2F68533200D2BDE9 /* GoogleSignIn in Frameworks */ = {isa = PBXBuildFile; productRef = 84EE1B9E2F68533200D2BDE9 /* GoogleSignIn */; };
		84EE1BA42F68554000D2BDE9 /* GoogleService-Info.plist in Resources */ = {isa = PBXBuildFile; fileRef = 84EE1BA32F68554000D2BDE9 /* GoogleService-Info.plist */; };
		84EE1BA52F68554000D2BDE9 /* GoogleService-Info.plist in Resources */ = {isa = PBXBuildFile; fileRef = 84EE1BA32F68554000D2BDE9 /* GoogleService-Info.plist */; };
/* End PBXBuildFile section */

/* Begin PBXContainerItemProxy section */
		84EE1B822F66CEC900D2BDE9 /* PBXContainerItemProxy */ = {
			isa = PBXContainerItemProxy;
			containerPortal = 846C8C5C2F6311160068BB1C /* Project object */;
			proxyType = 1;
			remoteGlobalIDString = 84EE1B6F2F66CEC800D2BDE9;
			remoteInfo = DailyThemeWidgetExtension;
		};
/* End PBXContainerItemProxy section */

/* Begin PBXCopyFilesBuildPhase section */
		84EE1B892F66CEC900D2BDE9 /* Embed Foundation Extensions */ = {
			isa = PBXCopyFilesBuildPhase;
			buildActionMask = 2147483647;
			dstPath = "";
			dstSubfolderSpec = 13;
			files = (
				84EE1B842F66CEC900D2BDE9 /* DailyThemeWidgetExtension.appex in Embed Foundation Extensions */,
			);
			name = "Embed Foundation Extensions";
			runOnlyForDeploymentPostprocessing = 0;
		};
/* End PBXCopyFilesBuildPhase section */

/* Begin PBXFileReference section */
		846C8C642F6311160068BB1C /* Eye See.app */ = {isa = PBXFileReference; explicitFileType = wrapper.application; includeInIndex = 0; path = "Eye See.app"; sourceTree = BUILT_PRODUCTS_DIR; };
		84EE1B702F66CEC800D2BDE9 /* DailyThemeWidgetExtension.appex */ = {isa = PBXFileReference; explicitFileType = "wrapper.app-extension"; includeInIndex = 0; path = DailyThemeWidgetExtension.appex; sourceTree = BUILT_PRODUCTS_DIR; };
		84EE1B722F66CEC800D2BDE9 /* WidgetKit.framework */ = {isa = PBXFileReference; lastKnownFileType = wrapper.framework; name = WidgetKit.framework; path = System/Library/Frameworks/WidgetKit.framework; sourceTree = SDKROOT; };
		84EE1B742F66CEC800D2BDE9 /* SwiftUI.framework */ = {isa = PBXFileReference; lastKnownFileType = wrapper.framework; name = SwiftUI.framework; path = System/Library/Frameworks/SwiftUI.framework; sourceTree = SDKROOT; };
		84EE1B8F2F66DC7500D2BDE9 /* DailyThemeWidgetExtension.entitlements */ = {isa = PBXFileReference; lastKnownFileType = text.plist.entitlements; path = DailyThemeWidgetExtension.entitlements; sourceTree = "<group>"; };
		84EE1BA32F68554000D2BDE9 /* GoogleService-Info.plist */ = {isa = PBXFileReference; lastKnownFileType = text.plist.xml; path = "GoogleService-Info.plist"; sourceTree = "<group>"; };
/* End PBXFileReference section */

/* Begin PBXFileSystemSynchronizedBuildFileExceptionSet section */
		84EE1B852F66CEC900D2BDE9 /* Exceptions for "DailyThemeWidget" folder in "DailyThemeWidgetExtension" target */ = {
			isa = PBXFileSystemSynchronizedBuildFileExceptionSet;
			membershipExceptions = (
				Info.plist,
			);
			target = 84EE1B6F2F66CEC800D2BDE9 /* DailyThemeWidgetExtension */;
		};
		84EE1B8B2F66D0BC00D2BDE9 /* Exceptions for "DailyThemeWidget" folder in "eyeseeyourfuture" target */ = {
			isa = PBXFileSystemSynchronizedBuildFileExceptionSet;
			membershipExceptions = (
				DailyThemeWidget.swift,
			);
			target = 846C8C632F6311160068BB1C /* eyeseeyourfuture */;
		};
		84EE1BA72F68557A00D2BDE9 /* Exceptions for "eyeseeyourfuture" folder in "eyeseeyourfuture" target */ = {
			isa = PBXFileSystemSynchronizedBuildFileExceptionSet;
			membershipExceptions = (
				Info.plist,
			);
			target = 846C8C632F6311160068BB1C /* eyeseeyourfuture */;
		};
/* End PBXFileSystemSynchronizedBuildFileExceptionSet section */

/* Begin PBXFileSystemSynchronizedRootGroup section */
		846C8C662F6311160068BB1C /* eyeseeyourfuture */ = {
			isa = PBXFileSystemSynchronizedRootGroup;
			exceptions = (
				84EE1BA72F68557A00D2BDE9 /* Exceptions for "eyeseeyourfuture" folder in "eyeseeyourfuture" target */,
			);
			path = eyeseeyourfuture;
			sourceTree = "<group>";
		};
		84EE1B762F66CEC800D2BDE9 /* DailyThemeWidget */ = {
			isa = PBXFileSystemSynchronizedRootGroup;
			exceptions = (
				84EE1B8B2F66D0BC00D2BDE9 /* Exceptions for "DailyThemeWidget" folder in "eyeseeyourfuture" target */,
				84EE1B852F66CEC900D2BDE9 /* Exceptions for "DailyThemeWidget" folder in "DailyThemeWidgetExtension" target */,
			);
			path = DailyThemeWidget;
			sourceTree = "<group>";
		};
/* End PBXFileSystemSynchronizedRootGroup section */

/* Begin PBXFrameworksBuildPhase section */
		846C8C612F6311160068BB1C /* Frameworks */ = {
			isa = PBXFrameworksBuildPhase;
			buildActionMask = 2147483647;
			files = (
				84EE1B9A2F6852DC00D2BDE9 /* FirebaseAuth in Frameworks */,
				84EE1B9C2F6852DC00D2BDE9 /* FirebaseFirestore in Frameworks */,
				84EE1B9F2F68533200D2BDE9 /* GoogleSignIn in Frameworks */,
			);
			runOnlyForDeploymentPostprocessing = 0;
		};
		84EE1B6D2F66CEC800D2BDE9 /* Frameworks */ = {
			isa = PBXFrameworksBuildPhase;
			buildActionMask = 2147483647;
			files = (
				84EE1B752F66CEC800D2BDE9 /* SwiftUI.framework in Frameworks */,
				84EE1B732F66CEC800D2BDE9 /* WidgetKit.framework in Frameworks */,
			);
			runOnlyForDeploymentPostprocessing = 0;
		};
/* End PBXFrameworksBuildPhase section */

/* Begin PBXGroup section */
		846C8C5B2F6311160068BB1C = {
			isa = PBXGroup;
			children = (
				84EE1B8F2F66DC7500D2BDE9 /* DailyThemeWidgetExtension.entitlements */,
				846C8C662F6311160068BB1C /* eyeseeyourfuture */,
				84EE1B762F66CEC800D2BDE9 /* DailyThemeWidget */,
				84EE1B712F66CEC800D2BDE9 /* Frameworks */,
				846C8C652F6311160068BB1C /* Products */,
			);
			sourceTree = "<group>";
		};
		846C8C652F6311160068BB1C /* Products */ = {
			isa = PBXGroup;
			children = (
				846C8C642F6311160068BB1C /* Eye See.app */,
				84EE1B702F66CEC800D2BDE9 /* DailyThemeWidgetExtension.appex */,
			);
			name = Products;
			sourceTree = "<group>";
		};
		84EE1B712F66CEC800D2BDE9 /* Frameworks */ = {
			isa = PBXGroup;
			children = (
				84EE1BA32F68554000D2BDE9 /* GoogleService-Info.plist */,
				84EE1B722F66CEC800D2BDE9 /* WidgetKit.framework */,
				84EE1B742F66CEC800D2BDE9 /* SwiftUI.framework */,
			);
			name = Frameworks;
			sourceTree = "<group>";
		};
/* End PBXGroup section */

/* Begin PBXNativeTarget section */
		846C8C632F6311160068BB1C /* eyeseeyourfuture */ = {
			isa = PBXNativeTarget;
			buildConfigurationList = 846C8C6F2F6311170068BB1C /* Build configuration list for PBXNativeTarget "eyeseeyourfuture" */;
			buildPhases = (
				846C8C602F6311160068BB1C /* Sources */,
				846C8C612F6311160068BB1C /* Frameworks */,
				846C8C622F6311160068BB1C /* Resources */,
				84EE1B892F66CEC900D2BDE9 /* Embed Foundation Extensions */,
			);
			buildRules = (
			);
			dependencies = (
				84EE1B832F66CEC900D2BDE9 /* PBXTargetDependency */,
			);
			fileSystemSynchronizedGroups = (
				846C8C662F6311160068BB1C /* eyeseeyourfuture */,
			);
			name = eyeseeyourfuture;
			packageProductDependencies = (
				84EE1B992F6852DC00D2BDE9 /* FirebaseAuth */,
				84EE1B9B2F6852DC00D2BDE9 /* FirebaseFirestore */,
				84EE1B9E2F68533200D2BDE9 /* GoogleSignIn */,
			);
			productName = eyeseeyourfuture;
			productReference = 846C8C642F6311160068BB1C /* Eye See.app */;
			productType = "com.apple.product-type.application";
		};
		84EE1B6F2F66CEC800D2BDE9 /* DailyThemeWidgetExtension */ = {
			isa = PBXNativeTarget;
			buildConfigurationList = 84EE1B862F66CEC900D2BDE9 /* Build configuration list for PBXNativeTarget "DailyThemeWidgetExtension" */;
			buildPhases = (
				84EE1B6C2F66CEC800D2BDE9 /* Sources */,
				84EE1B6D2F66CEC800D2BDE9 /* Frameworks */,
				84EE1B6E2F66CEC800D2BDE9 /* Resources */,
			);
			buildRules = (
			);
			dependencies = (
			);
			fileSystemSynchronizedGroups = (
				84EE1B762F66CEC800D2BDE9 /* DailyThemeWidget */,
			);
			name = DailyThemeWidgetExtension;
			packageProductDependencies = (
			);
			productName = DailyThemeWidgetExtension;
			productReference = 84EE1B702F66CEC800D2BDE9 /* DailyThemeWidgetExtension.appex */;
			productType = "com.apple.product-type.app-extension";
		};
/* End PBXNativeTarget section */

/* Begin PBXProject section */
		846C8C5C2F6311160068BB1C /* Project object */ = {
			isa = PBXProject;
			attributes = {
				BuildIndependentTargetsInParallel = 1;
				LastSwiftUpdateCheck = 2630;
				LastUpgradeCheck = 2630;
				TargetAttributes = {
					846C8C632F6311160068BB1C = {
						CreatedOnToolsVersion = 26.3;
					};
					84EE1B6F2F66CEC800D2BDE9 = {
						CreatedOnToolsVersion = 26.3;
					};
				};
			};
			buildConfigurationList = 846C8C5F2F6311160068BB1C /* Build configuration list for PBXProject "eyeseeyourfuture" */;
			developmentRegion = en;
			hasScannedForEncodings = 0;
			knownRegions = (
				en,
				Base,
			);
			mainGroup = 846C8C5B2F6311160068BB1C;
			minimizedProjectReferenceProxies = 1;
			packageReferences = (
				84EE1B982F6852DC00D2BDE9 /* XCRemoteSwiftPackageReference "firebase-ios-sdk" */,
				84EE1B9D2F68533200D2BDE9 /* XCRemoteSwiftPackageReference "GoogleSignIn-iOS" */,
			);
			preferredProjectObjectVersion = 77;
			productRefGroup = 846C8C652F6311160068BB1C /* Products */;
			projectDirPath = "";
			projectRoot = "";
			targets = (
				846C8C632F6311160068BB1C /* eyeseeyourfuture */,
				84EE1B6F2F66CEC800D2BDE9 /* DailyThemeWidgetExtension */,
			);
		};
/* End PBXProject section */

/* Begin PBXResourcesBuildPhase section */
		846C8C622F6311160068BB1C /* Resources */ = {
			isa = PBXResourcesBuildPhase;
			buildActionMask = 2147483647;
			files = (
				84EE1BA52F68554000D2BDE9 /* GoogleService-Info.plist in Resources */,
			);
			runOnlyForDeploymentPostprocessing = 0;
		};
		84EE1B6E2F66CEC800D2BDE9 /* Resources */ = {
			isa = PBXResourcesBuildPhase;
			buildActionMask = 2147483647;
			files = (
				84EE1BA42F68554000D2BDE9 /* GoogleService-Info.plist in Resources */,
			);
			runOnlyForDeploymentPostprocessing = 0;
		};
/* End PBXResourcesBuildPhase section */

/* Begin PBXSourcesBuildPhase section */
		846C8C602F6311160068BB1C /* Sources */ = {
			isa = PBXSourcesBuildPhase;
			buildActionMask = 2147483647;
			files = (
			);
			runOnlyForDeploymentPostprocessing = 0;
		};
		84EE1B6C2F66CEC800D2BDE9 /* Sources */ = {
			isa = PBXSourcesBuildPhase;
			buildActionMask = 2147483647;
			files = (
			);
			runOnlyForDeploymentPostprocessing = 0;
		};
/* End PBXSourcesBuildPhase section */

/* Begin PBXTargetDependency section */
		84EE1B832F66CEC900D2BDE9 /* PBXTargetDependency */ = {
			isa = PBXTargetDependency;
			target = 84EE1B6F2F66CEC800D2BDE9 /* DailyThemeWidgetExtension */;
			targetProxy = 84EE1B822F66CEC900D2BDE9 /* PBXContainerItemProxy */;
		};
/* End PBXTargetDependency section */

/* Begin XCBuildConfiguration section */
		846C8C6D2F6311170068BB1C /* Debug */ = {
			isa = XCBuildConfiguration;
			buildSettings = {
				ALWAYS_SEARCH_USER_PATHS = NO;
				ASSETCATALOG_COMPILER_GENERATE_SWIFT_ASSET_SYMBOL_EXTENSIONS = YES;
				CLANG_ANALYZER_NONNULL = YES;
				CLANG_ANALYZER_NUMBER_OBJECT_CONVERSION = YES_AGGRESSIVE;
				CLANG_CXX_LANGUAGE_STANDARD = "gnu++20";
				CLANG_ENABLE_MODULES = YES;
				CLANG_ENABLE_OBJC_ARC = YES;
				CLANG_ENABLE_OBJC_WEAK = YES;
				CLANG_WARN_BLOCK_CAPTURE_AUTORELEASING = YES;
				CLANG_WARN_BOOL_CONVERSION = YES;
				CLANG_WARN_COMMA = YES;
				CLANG_WARN_CONSTANT_CONVERSION = YES;
				CLANG_WARN_DEPRECATED_OBJC_IMPLEMENTATIONS = YES;
				CLANG_WARN_DIRECT_OBJC_ISA_USAGE = YES_ERROR;
				CLANG_WARN_DOCUMENTATION_COMMENTS = YES;
				CLANG_WARN_EMPTY_BODY = YES;
				CLANG_WARN_ENUM_CONVERSION = YES;
				CLANG_WARN_INFINITE_RECURSION = YES;
				CLANG_WARN_INT_CONVERSION = YES;
				CLANG_WARN_NON_LITERAL_NULL_CONVERSION = YES;
				CLANG_WARN_OBJC_IMPLICIT_RETAIN_SELF = YES;
				CLANG_WARN_OBJC_LITERAL_CONVERSION = YES;
				CLANG_WARN_OBJC_ROOT_CLASS = YES_ERROR;
				CLANG_WARN_QUOTED_INCLUDE_IN_FRAMEWORK_HEADER = YES;
				CLANG_WARN_RANGE_LOOP_ANALYSIS = YES;
				CLANG_WARN_STRICT_PROTOTYPES = YES;
				CLANG_WARN_SUSPICIOUS_MOVE = YES;
				CLANG_WARN_UNGUARDED_AVAILABILITY = YES_AGGRESSIVE;
				CLANG_WARN_UNREACHABLE_CODE = YES;
				CLANG_WARN__DUPLICATE_METHOD_MATCH = YES;
				COPY_PHASE_STRIP = NO;
				DEBUG_INFORMATION_FORMAT = dwarf;
				ENABLE_STRICT_OBJC_MSGSEND = YES;
				ENABLE_TESTABILITY = YES;
				ENABLE_USER_SCRIPT_SANDBOXING = YES;
				GCC_C_LANGUAGE_STANDARD = gnu17;
				GCC_DYNAMIC_NO_PIC = NO;
				GCC_NO_COMMON_BLOCKS = YES;
				GCC_OPTIMIZATION_LEVEL = 0;
				GCC_PREPROCESSOR_DEFINITIONS = (
					"DEBUG=1",
					"$(inherited)",
				);
				GCC_WARN_64_TO_32_BIT_CONVERSION = YES;
				GCC_WARN_ABOUT_RETURN_TYPE = YES_ERROR;
				GCC_WARN_UNDECLARED_SELECTOR = YES;
				GCC_WARN_UNINITIALIZED_AUTOS = YES_AGGRESSIVE;
				GCC_WARN_UNUSED_FUNCTION = YES;
				GCC_WARN_UNUSED_VARIABLE = YES;
				IPHONEOS_DEPLOYMENT_TARGET = 17.0;
				LOCALIZATION_PREFERS_STRING_CATALOGS = YES;
				MTL_ENABLE_DEBUG_INFO = INCLUDE_SOURCE;
				MTL_FAST_MATH = YES;
				ONLY_ACTIVE_ARCH = YES;
				SDKROOT = iphoneos;
				SWIFT_ACTIVE_COMPILATION_CONDITIONS = "DEBUG $(inherited)";
				SWIFT_OPTIMIZATION_LEVEL = "-Onone";
			};
			name = Debug;
		};
		846C8C6E2F6311170068BB1C /* Release */ = {
			isa = XCBuildConfiguration;
			buildSettings = {
				ALWAYS_SEARCH_USER_PATHS = NO;
				ASSETCATALOG_COMPILER_GENERATE_SWIFT_ASSET_SYMBOL_EXTENSIONS = YES;
				CLANG_ANALYZER_NONNULL = YES;
				CLANG_ANALYZER_NUMBER_OBJECT_CONVERSION = YES_AGGRESSIVE;
				CLANG_CXX_LANGUAGE_STANDARD = "gnu++20";
				CLANG_ENABLE_MODULES = YES;
				CLANG_ENABLE_OBJC_ARC = YES;
				CLANG_ENABLE_OBJC_WEAK = YES;
				CLANG_WARN_BLOCK_CAPTURE_AUTORELEASING = YES;
				CLANG_WARN_BOOL_CONVERSION = YES;
				CLANG_WARN_COMMA = YES;
				CLANG_WARN_CONSTANT_CONVERSION = YES;
				CLANG_WARN_DEPRECATED_OBJC_IMPLEMENTATIONS = YES;
				CLANG_WARN_DIRECT_OBJC_ISA_USAGE = YES_ERROR;
				CLANG_WARN_DOCUMENTATION_COMMENTS = YES;
				CLANG_WARN_EMPTY_BODY = YES;
				CLANG_WARN_ENUM_CONVERSION = YES;
				CLANG_WARN_INFINITE_RECURSION = YES;
				CLANG_WARN_INT_CONVERSION = YES;
				CLANG_WARN_NON_LITERAL_NULL_CONVERSION = YES;
				CLANG_WARN_OBJC_IMPLICIT_RETAIN_SELF = YES;
				CLANG_WARN_OBJC_LITERAL_CONVERSION = YES;
				CLANG_WARN_OBJC_ROOT_CLASS = YES_ERROR;
				CLANG_WARN_QUOTED_INCLUDE_IN_FRAMEWORK_HEADER = YES;
				CLANG_WARN_RANGE_LOOP_ANALYSIS = YES;
				CLANG_WARN_STRICT_PROTOTYPES = YES;
				CLANG_WARN_SUSPICIOUS_MOVE = YES;
				CLANG_WARN_UNGUARDED_AVAILABILITY = YES_AGGRESSIVE;
				CLANG_WARN_UNREACHABLE_CODE = YES;
				CLANG_WARN__DUPLICATE_METHOD_MATCH = YES;
				COPY_PHASE_STRIP = NO;
				DEBUG_INFORMATION_FORMAT = "dwarf-with-dsym";
				ENABLE_NS_ASSERTIONS = NO;
				ENABLE_STRICT_OBJC_MSGSEND = YES;
				ENABLE_USER_SCRIPT_SANDBOXING = YES;
				GCC_C_LANGUAGE_STANDARD = gnu17;
				GCC_NO_COMMON_BLOCKS = YES;
				GCC_WARN_64_TO_32_BIT_CONVERSION = YES;
				GCC_WARN_ABOUT_RETURN_TYPE = YES_ERROR;
				GCC_WARN_UNDECLARED_SELECTOR = YES;
				GCC_WARN_UNINITIALIZED_AUTOS = YES_AGGRESSIVE;
				GCC_WARN_UNUSED_FUNCTION = YES;
				GCC_WARN_UNUSED_VARIABLE = YES;
				IPHONEOS_DEPLOYMENT_TARGET = 17.0;
				LOCALIZATION_PREFERS_STRING_CATALOGS = YES;
				MTL_ENABLE_DEBUG_INFO = NO;
				MTL_FAST_MATH = YES;
				SDKROOT = iphoneos;
				SWIFT_COMPILATION_MODE = wholemodule;
				VALIDATE_PRODUCT = YES;
			};
			name = Release;
		};
		846C8C702F6311170068BB1C /* Debug */ = {
			isa = XCBuildConfiguration;
			buildSettings = {
				ASSETCATALOG_COMPILER_APPICON_NAME = AppIcon;
				ASSETCATALOG_COMPILER_GLOBAL_ACCENT_COLOR_NAME = AccentColor;
				CODE_SIGN_ENTITLEMENTS = eyeseeyourfuture/eyeseeyourfuture.entitlements;
				CODE_SIGN_STYLE = Automatic;
				CURRENT_PROJECT_VERSION = 4;
				DEVELOPMENT_TEAM = C5DJRY2DZT;
				ENABLE_PREVIEWS = YES;
				GENERATE_INFOPLIST_FILE = YES;
				INFOPLIST_FILE = eyeseeyourfuture/Info.plist;
				INFOPLIST_KEY_CFBundleDisplayName = "Eye See";
				INFOPLIST_KEY_NSCameraUsageDescription = "This part is needed to scan your Iris to analyse your fortune.";
				INFOPLIST_KEY_UIApplicationSceneManifest_Generation = YES;
				INFOPLIST_KEY_UIApplicationSupportsIndirectInputEvents = YES;
				INFOPLIST_KEY_UILaunchScreen_Generation = YES;
				INFOPLIST_KEY_UISupportedInterfaceOrientations_iPad = "UIInterfaceOrientationPortrait UIInterfaceOrientationPortraitUpsideDown UIInterfaceOrientationLandscapeLeft UIInterfaceOrientationLandscapeRight";
				INFOPLIST_KEY_UISupportedInterfaceOrientations_iPhone = "UIInterfaceOrientationPortrait UIInterfaceOrientationLandscapeLeft UIInterfaceOrientationLandscapeRight";
				LD_RUNPATH_SEARCH_PATHS = (
					"$(inherited)",
					"@executable_path/Frameworks",
				);
				MARKETING_VERSION = 1.0;
				PRODUCT_BUNDLE_IDENTIFIER = com.boradev.eyeseeyourfuture;
				PRODUCT_NAME = "Eye See";
				STRING_CATALOG_GENERATE_SYMBOLS = YES;
				SWIFT_APPROACHABLE_CONCURRENCY = YES;
				SWIFT_DEFAULT_ACTOR_ISOLATION = MainActor;
				SWIFT_EMIT_LOC_STRINGS = YES;
				SWIFT_UPCOMING_FEATURE_MEMBER_IMPORT_VISIBILITY = YES;
				SWIFT_VERSION = 5.0;
				TARGETED_DEVICE_FAMILY = "1,2";
			};
			name = Debug;
		};
		846C8C712F6311170068BB1C /* Release */ = {
			isa = XCBuildConfiguration;
			buildSettings = {
				ASSETCATALOG_COMPILER_APPICON_NAME = AppIcon;
				ASSETCATALOG_COMPILER_GLOBAL_ACCENT_COLOR_NAME = AccentColor;
				CODE_SIGN_ENTITLEMENTS = eyeseeyourfuture/eyeseeyourfuture.entitlements;
				CODE_SIGN_STYLE = Automatic;
				CURRENT_PROJECT_VERSION = 4;
				DEVELOPMENT_TEAM = C5DJRY2DZT;
				ENABLE_PREVIEWS = YES;
				GENERATE_INFOPLIST_FILE = YES;
				INFOPLIST_FILE = eyeseeyourfuture/Info.plist;
				INFOPLIST_KEY_CFBundleDisplayName = "Eye See";
				INFOPLIST_KEY_NSCameraUsageDescription = "This part is needed to scan your Iris to analyse your fortune.";
				INFOPLIST_KEY_UIApplicationSceneManifest_Generation = YES;
				INFOPLIST_KEY_UIApplicationSupportsIndirectInputEvents = YES;
				INFOPLIST_KEY_UILaunchScreen_Generation = YES;
				INFOPLIST_KEY_UISupportedInterfaceOrientations_iPad = "UIInterfaceOrientationPortrait UIInterfaceOrientationPortraitUpsideDown UIInterfaceOrientationLandscapeLeft UIInterfaceOrientationLandscapeRight";
				INFOPLIST_KEY_UISupportedInterfaceOrientations_iPhone = "UIInterfaceOrientationPortrait UIInterfaceOrientationLandscapeLeft UIInterfaceOrientationLandscapeRight";
				LD_RUNPATH_SEARCH_PATHS = (
					"$(inherited)",
					"@executable_path/Frameworks",
				);
				MARKETING_VERSION = 1.0;
				PRODUCT_BUNDLE_IDENTIFIER = com.boradev.eyeseeyourfuture;
				PRODUCT_NAME = "Eye See";
				STRING_CATALOG_GENERATE_SYMBOLS = YES;
				SWIFT_APPROACHABLE_CONCURRENCY = YES;
				SWIFT_DEFAULT_ACTOR_ISOLATION = MainActor;
				SWIFT_EMIT_LOC_STRINGS = YES;
				SWIFT_UPCOMING_FEATURE_MEMBER_IMPORT_VISIBILITY = YES;
				SWIFT_VERSION = 5.0;
				TARGETED_DEVICE_FAMILY = "1,2";
			};
			name = Release;
		};
		84EE1B872F66CEC900D2BDE9 /* Debug */ = {
			isa = XCBuildConfiguration;
			buildSettings = {
				ASSETCATALOG_COMPILER_GLOBAL_ACCENT_COLOR_NAME = AccentColor;
				ASSETCATALOG_COMPILER_WIDGET_BACKGROUND_COLOR_NAME = WidgetBackground;
				CODE_SIGN_ENTITLEMENTS = DailyThemeWidgetExtension.entitlements;
				CODE_SIGN_STYLE = Automatic;
				CURRENT_PROJECT_VERSION = 4;
				DEVELOPMENT_TEAM = C5DJRY2DZT;
				GENERATE_INFOPLIST_FILE = YES;
				INFOPLIST_FILE = DailyThemeWidget/Info.plist;
				INFOPLIST_KEY_CFBundleDisplayName = DailyThemeWidget;
				INFOPLIST_KEY_NSHumanReadableCopyright = "";
				IPHONEOS_DEPLOYMENT_TARGET = 17.6;
				LD_RUNPATH_SEARCH_PATHS = (
					"$(inherited)",
					"@executable_path/Frameworks",
					"@executable_path/../../Frameworks",
				);
				MARKETING_VERSION = 1.0;
				PRODUCT_BUNDLE_IDENTIFIER = com.boradev.eyeseeyourfuture.DailyThemeWidget;
				PRODUCT_NAME = "$(TARGET_NAME)";
				SKIP_INSTALL = YES;
				STRING_CATALOG_GENERATE_SYMBOLS = YES;
				SWIFT_APPROACHABLE_CONCURRENCY = YES;
				SWIFT_EMIT_LOC_STRINGS = YES;
				SWIFT_UPCOMING_FEATURE_MEMBER_IMPORT_VISIBILITY = YES;
				SWIFT_VERSION = 5.0;
				TARGETED_DEVICE_FAMILY = "1,2";
			};
			name = Debug;
		};
		84EE1B882F66CEC900D2BDE9 /* Release */ = {
			isa = XCBuildConfiguration;
			buildSettings = {
				ASSETCATALOG_COMPILER_GLOBAL_ACCENT_COLOR_NAME = AccentColor;
				ASSETCATALOG_COMPILER_WIDGET_BACKGROUND_COLOR_NAME = WidgetBackground;
				CODE_SIGN_ENTITLEMENTS = DailyThemeWidgetExtension.entitlements;
				CODE_SIGN_STYLE = Automatic;
				CURRENT_PROJECT_VERSION = 4;
				DEVELOPMENT_TEAM = C5DJRY2DZT;
				GENERATE_INFOPLIST_FILE = YES;
				INFOPLIST_FILE = DailyThemeWidget/Info.plist;
				INFOPLIST_KEY_CFBundleDisplayName = DailyThemeWidget;
				INFOPLIST_KEY_NSHumanReadableCopyright = "";
				IPHONEOS_DEPLOYMENT_TARGET = 17.6;
				LD_RUNPATH_SEARCH_PATHS = (
					"$(inherited)",
					"@executable_path/Frameworks",
					"@executable_path/../../Frameworks",
				);
				MARKETING_VERSION = 1.0;
				PRODUCT_BUNDLE_IDENTIFIER = com.boradev.eyeseeyourfuture.DailyThemeWidget;
				PRODUCT_NAME = "$(TARGET_NAME)";
				SKIP_INSTALL = YES;
				STRING_CATALOG_GENERATE_SYMBOLS = YES;
				SWIFT_APPROACHABLE_CONCURRENCY = YES;
				SWIFT_EMIT_LOC_STRINGS = YES;
				SWIFT_UPCOMING_FEATURE_MEMBER_IMPORT_VISIBILITY = YES;
				SWIFT_VERSION = 5.0;
				TARGETED_DEVICE_FAMILY = "1,2";
			};
			name = Release;
		};
/* End XCBuildConfiguration section */

/* Begin XCConfigurationList section */
		846C8C5F2F6311160068BB1C /* Build configuration list for PBXProject "eyeseeyourfuture" */ = {
			isa = XCConfigurationList;
			buildConfigurations = (
				846C8C6D2F6311170068BB1C /* Debug */,
				846C8C6E2F6311170068BB1C /* Release */,
			);
			defaultConfigurationIsVisible = 0;
			defaultConfigurationName = Release;
		};
		846C8C6F2F6311170068BB1C /* Build configuration list for PBXNativeTarget "eyeseeyourfuture" */ = {
			isa = XCConfigurationList;
			buildConfigurations = (
				846C8C702F6311170068BB1C /* Debug */,
				846C8C712F6311170068BB1C /* Release */,
			);
			defaultConfigurationIsVisible = 0;
			defaultConfigurationName = Release;
		};
		84EE1B862F66CEC900D2BDE9 /* Build configuration list for PBXNativeTarget "DailyThemeWidgetExtension" */ = {
			isa = XCConfigurationList;
			buildConfigurations = (
				84EE1B872F66CEC900D2BDE9 /* Debug */,
				84EE1B882F66CEC900D2BDE9 /* Release */,
			);
			defaultConfigurationIsVisible = 0;
			defaultConfigurationName = Release;
		};
/* End XCConfigurationList section */

/* Begin XCRemoteSwiftPackageReference section */
		84EE1B982F6852DC00D2BDE9 /* XCRemoteSwiftPackageReference "firebase-ios-sdk" */ = {
			isa = XCRemoteSwiftPackageReference;
			repositoryURL = "https://github.com/firebase/firebase-ios-sdk";
			requirement = {
				kind = upToNextMajorVersion;
				minimumVersion = 12.10.0;
			};
		};
		84EE1B9D2F68533200D2BDE9 /* XCRemoteSwiftPackageReference "GoogleSignIn-iOS" */ = {
			isa = XCRemoteSwiftPackageReference;
			repositoryURL = "https://github.com/google/GoogleSignIn-iOS";
			requirement = {
				kind = upToNextMajorVersion;
				minimumVersion = 9.1.0;
			};
		};
/* End XCRemoteSwiftPackageReference section */

/* Begin XCSwiftPackageProductDependency section */
		84EE1B992F6852DC00D2BDE9 /* FirebaseAuth */ = {
			isa = XCSwiftPackageProductDependency;
			package = 84EE1B982F6852DC00D2BDE9 /* XCRemoteSwiftPackageReference "firebase-ios-sdk" */;
			productName = FirebaseAuth;
		};
		84EE1B9B2F6852DC00D2BDE9 /* FirebaseFirestore */ = {
			isa = XCSwiftPackageProductDependency;
			package = 84EE1B982F6852DC00D2BDE9 /* XCRemoteSwiftPackageReference "firebase-ios-sdk" */;
			productName = FirebaseFirestore;
		};
		84EE1B9E2F68533200D2BDE9 /* GoogleSignIn */ = {
			isa = XCSwiftPackageProductDependency;
			package = 84EE1B9D2F68533200D2BDE9 /* XCRemoteSwiftPackageReference "GoogleSignIn-iOS" */;
			productName = GoogleSignIn;
		};
/* End XCSwiftPackageProductDependency section */
	};
	rootObject = 846C8C5C2F6311160068BB1C /* Project object */;
}
